
Microsoft Visual Studio Solution File, Format Version 12.00
# Visual Studio 15
VisualStudioVersion = 15.0.27703.2035
MinimumVisualStudioVersion = 10.0.40219.1
Project("{FAE04EC0-301F-11D3-BF4B-00C04F79EFBC}") = "TieredShipTools", "TieredShipTools\TieredShipTools.csproj", "{58499865-80A4-4413-9E24-C0B75AA10881}"
EndProject
Global
	GlobalSection(SolutionConfigurationPlatforms) = preSolution
		Debug|Any CPU = Debug|Any CPU
		Release|Any CPU = Release|Any CPU
	EndGlobalSection
	GlobalSection(ProjectConfigurationPlatforms) = postSolution
		{58499865-80A4-4413-9E24-C0B75AA10881}.Debug|Any CPU.ActiveCfg = Debug|Any CPU
		{58499865-80A4-4413-9E24-C0B75AA10881}.Debug|Any CPU.Build.0 = Debug|Any CPU
		{58499865-80A4-4413-9E24-C0B75AA10881}.Release|Any CPU.ActiveCfg = Release|Any CPU
		{58499865-80A4-4413-9E24-C0B75AA10881}.Release|Any CPU.Build.0 = Release|Any CPU
	EndGlobalSection
	GlobalSection(SolutionProperties) = preSolution
		HideSolutionNode = FALSE
	EndGlobalSection
	GlobalSection(ExtensibilityGlobals) = postSolution
		SolutionGuid = {0D2DEF35-9676-4FBC-B6F1-A827832EC67E}
	EndGlobalSection
EndGlobal
